
Microsoft Visual Studio Solution File, Format Version 12.00
# Visual Studio Version 16
VisualStudioVersion = 16.0.29009.5
MinimumVisualStudioVersion = 10.0.40219.1
Project("{FAE04EC0-301F-11D3-BF4B-00C04F79EFBC}") = "ProjetoTeste", "ProjetoTeste\ProjetoTeste.csproj", "{1121896E-41D0-4F80-9BBE-1F2BC7D6C1BD}"
EndProject
Global
	GlobalSection(SolutionConfigurationPlatforms) = preSolution
		Debug|Any CPU = Debug|Any CPU
		Release|Any CPU = Release|Any CPU
	EndGlobalSection
	GlobalSection(ProjectConfigurationPlatforms) = postSolution
		{1121896E-41D0-4F80-9BBE-1F2BC7D6C1BD}.Debug|Any CPU.ActiveCfg = Debug|Any CPU
		{1121896E-41D0-4F80-9BBE-1F2BC7D6C1BD}.Debug|Any CPU.Build.0 = Debug|Any CPU
		{1121896E-41D0-4F80-9BBE-1F2BC7D6C1BD}.Release|Any CPU.ActiveCfg = Release|Any CPU
		{1121896E-41D0-4F80-9BBE-1F2BC7D6C1BD}.Release|Any CPU.Build.0 = Release|Any CPU
	EndGlobalSection
	GlobalSection(SolutionProperties) = preSolution
		HideSolutionNode = FALSE
	EndGlobalSection
	GlobalSection(ExtensibilityGlobals) = postSolution
		SolutionGuid = {4E062316-7830-4FE3-B601-A6BEF00B3F53}
	EndGlobalSection
EndGlobal
